
Microsoft Visual Studio Solution File, Format Version 12.00
# Visual Studio 14
VisualStudioVersion = 14.0.25420.1
MinimumVisualStudioVersion = 10.0.40219.1
Project("{FAE04EC0-301F-11D3-BF4B-00C04F79EFBC}") = "Atomac.Web", "Atomac.Web\Atomac.Web.csproj", "{7C40024A-021C-4D46-8A8F-0C64C024342A}"
EndProject
Project("{FAE04EC0-301F-11D3-BF4B-00C04F79EFBC}") = "Atomac.EFDataLayer", "Atomac.EFDataLayer\Atomac.EFDataLayer.csproj", "{EA13E3CF-1427-43D2-ADBF-DBE7FDDEC744}"
EndProject
Project("{FAE04EC0-301F-11D3-BF4B-00C04F79EFBC}") = "Atomac.RedisDataLayer", "Atomac.RedisDataLayer\Atomac.RedisDataLayer.csproj", "{D5460C1B-FE25-4049-B9E7-03A787924D98}"
EndProject
Global
	GlobalSection(SolutionConfigurationPlatforms) = preSolution
		Debug|Any CPU = Debug|Any CPU
		Release|Any CPU = Release|Any CPU
	EndGlobalSection
	GlobalSection(ProjectConfigurationPlatforms) = postSolution
		{7C40024A-021C-4D46-8A8F-0C64C024342A}.Debug|Any CPU.ActiveCfg = Debug|Any CPU
		{7C40024A-021C-4D46-8A8F-0C64C024342A}.Debug|Any CPU.Build.0 = Debug|Any CPU
		{7C40024A-021C-4D46-8A8F-0C64C024342A}.Release|Any CPU.ActiveCfg = Release|Any CPU
		{7C40024A-021C-4D46-8A8F-0C64C024342A}.Release|Any CPU.Build.0 = Release|Any CPU
		{EA13E3CF-1427-43D2-ADBF-DBE7FDDEC744}.Debug|Any CPU.ActiveCfg = Debug|Any CPU
		{EA13E3CF-1427-43D2-ADBF-DBE7FDDEC744}.Debug|Any CPU.Build.0 = Debug|Any CPU
		{EA13E3CF-1427-43D2-ADBF-DBE7FDDEC744}.Release|Any CPU.ActiveCfg = Release|Any CPU
		{EA13E3CF-1427-43D2-ADBF-DBE7FDDEC744}.Release|Any CPU.Build.0 = Release|Any CPU
		{D5460C1B-FE25-4049-B9E7-03A787924D98}.Debug|Any CPU.ActiveCfg = Debug|Any CPU
		{D5460C1B-FE25-4049-B9E7-03A787924D98}.Debug|Any CPU.Build.0 = Debug|Any CPU
		{D5460C1B-FE25-4049-B9E7-03A787924D98}.Release|Any CPU.ActiveCfg = Release|Any CPU
		{D5460C1B-FE25-4049-B9E7-03A787924D98}.Release|Any CPU.Build.0 = Release|Any CPU
	EndGlobalSection
	GlobalSection(SolutionProperties) = preSolution
		HideSolutionNode = FALSE
	EndGlobalSection
EndGlobal
